// !$*UTF8*$!
{
	archiveVersion = 1;
	classes = {
	};
	objectVersion = 55;
	objects = {

/* Begin PBXBuildFile section */
		23021AA627103A8E00C223BE /* AppDelegate.swift in Sources */ = {isa = PBXBuildFile; fileRef = 23021AA527103A8E00C223BE /* AppDelegate.swift */; };
		23021AA827103A8E00C223BE /* SceneDelegate.swift in Sources */ = {isa = PBXBuildFile; fileRef = 23021AA727103A8E00C223BE /* SceneDelegate.swift */; };
		23021AAD27103A8E00C223BE /* Main.storyboard in Resources */ = {isa = PBXBuildFile; fileRef = 23021AAB27103A8E00C223BE /* Main.storyboard */; };
		23021AAF27103A9000C223BE /* Assets.xcassets in Resources */ = {isa = PBXBuildFile; fileRef = 23021AAE27103A9000C223BE /* Assets.xcassets */; };
		23021AB227103A9000C223BE /* LaunchScreen.storyboard in Resources */ = {isa = PBXBuildFile; fileRef = 23021AB027103A9000C223BE /* LaunchScreen.storyboard */; };
		23021AC22710419E00C223BE /* BaseURL.swift in Sources */ = {isa = PBXBuildFile; fileRef = 23021AC12710419E00C223BE /* BaseURL.swift */; };
		23021AC4271041B000C223BE /* AbsolutePath.swift in Sources */ = {isa = PBXBuildFile; fileRef = 23021AC3271041B000C223BE /* AbsolutePath.swift */; };
		23021AC6271041C800C223BE /* HTTPMethod.swift in Sources */ = {isa = PBXBuildFile; fileRef = 23021AC5271041C800C223BE /* HTTPMethod.swift */; };
		23021AC8271041E800C223BE /* EndPointError.swift in Sources */ = {isa = PBXBuildFile; fileRef = 23021AC7271041E800C223BE /* EndPointError.swift */; };
		23021ACA2710426100C223BE /* EndPoint.swift in Sources */ = {isa = PBXBuildFile; fileRef = 23021AC92710426100C223BE /* EndPoint.swift */; };
		23021ACF2710456200C223BE /* OSLog+Loggers.swift in Sources */ = {isa = PBXBuildFile; fileRef = 23021ACE2710456200C223BE /* OSLog+Loggers.swift */; };
		23021AD12710457200C223BE /* Encodable+Extension.swift in Sources */ = {isa = PBXBuildFile; fileRef = 23021AD02710457200C223BE /* Encodable+Extension.swift */; };
		23021AD32710458700C223BE /* String+Url.swift in Sources */ = {isa = PBXBuildFile; fileRef = 23021AD22710458700C223BE /* String+Url.swift */; };
		23021AD6271046D500C223BE /* URLRequestBuilding.swift in Sources */ = {isa = PBXBuildFile; fileRef = 23021AD5271046D500C223BE /* URLRequestBuilding.swift */; };
		23021ADA2710470300C223BE /* URLRequestBuilder.swift in Sources */ = {isa = PBXBuildFile; fileRef = 23021AD92710470300C223BE /* URLRequestBuilder.swift */; };
		23021ADD2710475600C223BE /* DataResponseHandling.swift in Sources */ = {isa = PBXBuildFile; fileRef = 23021ADC2710475600C223BE /* DataResponseHandling.swift */; };
		23021ADF2710476700C223BE /* DataResponseHandler.swift in Sources */ = {isa = PBXBuildFile; fileRef = 23021ADE2710476700C223BE /* DataResponseHandler.swift */; };
		23021AE42710487F00C223BE /* DataResponseDecoding.swift in Sources */ = {isa = PBXBuildFile; fileRef = 23021AE32710487F00C223BE /* DataResponseDecoding.swift */; };
		23021AE6271048AA00C223BE /* DataResponseDecoder.swift in Sources */ = {isa = PBXBuildFile; fileRef = 23021AE5271048AA00C223BE /* DataResponseDecoder.swift */; };
		23021AE927104A7E00C223BE /* DataRequesting.swift in Sources */ = {isa = PBXBuildFile; fileRef = 23021AE827104A7E00C223BE /* DataRequesting.swift */; };
		23021AEB27104A9A00C223BE /* URLSessionRequesting.swift in Sources */ = {isa = PBXBuildFile; fileRef = 23021AEA27104A9A00C223BE /* URLSessionRequesting.swift */; };
		23021AED27104AB000C223BE /* DataRequester.swift in Sources */ = {isa = PBXBuildFile; fileRef = 23021AEC27104AB000C223BE /* DataRequester.swift */; };
		23021AEF27104AE300C223BE /* RequestManager.swift in Sources */ = {isa = PBXBuildFile; fileRef = 23021AEE27104AE300C223BE /* RequestManager.swift */; };
		23021AF227105C8F00C223BE /* PicsumProviding.swift in Sources */ = {isa = PBXBuildFile; fileRef = 23021AF127105C8F00C223BE /* PicsumProviding.swift */; };
		2377D84D2710DEC600FE935E /* PhotosDelegate.swift in Sources */ = {isa = PBXBuildFile; fileRef = 2377D84C2710DEC600FE935E /* PhotosDelegate.swift */; };
		2377D88327110F0F00FE935E /* SDWebImage in Frameworks */ = {isa = PBXBuildFile; productRef = 2377D88227110F0F00FE935E /* SDWebImage */; };
		2389612E2711FE1D00DB974B /* PhotosCashingProviding.swift in Sources */ = {isa = PBXBuildFile; fileRef = 2389612D2711FE1D00DB974B /* PhotosCashingProviding.swift */; };
		238961302711FE2300DB974B /* PhotosCashingProvider.swift in Sources */ = {isa = PBXBuildFile; fileRef = 2389612F2711FE2300DB974B /* PhotosCashingProvider.swift */; };
		23BB6A2627119A68003D46B8 /* AdTableViewCell.swift in Sources */ = {isa = PBXBuildFile; fileRef = 23BB6A2427119A68003D46B8 /* AdTableViewCell.swift */; };
		23BB6A2727119A68003D46B8 /* AdTableViewCell.xib in Resources */ = {isa = PBXBuildFile; fileRef = 23BB6A2527119A68003D46B8 /* AdTableViewCell.xib */; };
		23BB6A2A2711A901003D46B8 /* Monitor.swift in Sources */ = {isa = PBXBuildFile; fileRef = 23BB6A292711A901003D46B8 /* Monitor.swift */; };
		23BB6A2E2711B2D7003D46B8 /* PhotoDetailsViewController.swift in Sources */ = {isa = PBXBuildFile; fileRef = 23BB6A2D2711B2D7003D46B8 /* PhotoDetailsViewController.swift */; };
		23BB6A312711B484003D46B8 /* PhotoDetailsViewModel.swift in Sources */ = {isa = PBXBuildFile; fileRef = 23BB6A302711B484003D46B8 /* PhotoDetailsViewModel.swift */; };
		23BB6A342711B4AE003D46B8 /* Storyboard.swift in Sources */ = {isa = PBXBuildFile; fileRef = 23BB6A332711B4AE003D46B8 /* Storyboard.swift */; };
		23BB6A362711C0B3003D46B8 /* UIImage+MostDominantColor.swift in Sources */ = {isa = PBXBuildFile; fileRef = 23BB6A352711C0B3003D46B8 /* UIImage+MostDominantColor.swift */; };
		23F8608F2710895400A61CC8 /* PhotosParameters.swift in Sources */ = {isa = PBXBuildFile; fileRef = 23F8608E2710895400A61CC8 /* PhotosParameters.swift */; };
		23F860912710895C00A61CC8 /* Photo.swift in Sources */ = {isa = PBXBuildFile; fileRef = 23F860902710895C00A61CC8 /* Photo.swift */; };
		23F860952710899E00A61CC8 /* PhotosViewController.swift in Sources */ = {isa = PBXBuildFile; fileRef = 23F860942710899E00A61CC8 /* PhotosViewController.swift */; };
		23F86097271089B400A61CC8 /* PhotosViewModel.swift in Sources */ = {isa = PBXBuildFile; fileRef = 23F86096271089B400A61CC8 /* PhotosViewModel.swift */; };
		23F8609A271089CB00A61CC8 /* PhotoTableViewCell.swift in Sources */ = {isa = PBXBuildFile; fileRef = 23F86098271089CB00A61CC8 /* PhotoTableViewCell.swift */; };
		23F8609B271089CB00A61CC8 /* PhotoTableViewCell.xib in Resources */ = {isa = PBXBuildFile; fileRef = 23F86099271089CB00A61CC8 /* PhotoTableViewCell.xib */; };
		23F8609D27108D1E00A61CC8 /* PhotoCellViewModel.swift in Sources */ = {isa = PBXBuildFile; fileRef = 23F8609C27108D1E00A61CC8 /* PhotoCellViewModel.swift */; };
		23F8609F271090AB00A61CC8 /* PhotosDataSource.swift in Sources */ = {isa = PBXBuildFile; fileRef = 23F8609E271090AB00A61CC8 /* PhotosDataSource.swift */; };
		23F860A12710963900A61CC8 /* UITableViewCell+identifier.swift in Sources */ = {isa = PBXBuildFile; fileRef = 23F860A02710963900A61CC8 /* UITableViewCell+identifier.swift */; };
/* End PBXBuildFile section */

/* Begin PBXFileReference section */
		23021AA227103A8E00C223BE /* iOS Assessment.app */ = {isa = PBXFileReference; explicitFileType = wrapper.application; includeInIndex = 0; path = "iOS Assessment.app"; sourceTree = BUILT_PRODUCTS_DIR; };
		23021AA527103A8E00C223BE /* AppDelegate.swift */ = {isa = PBXFileReference; lastKnownFileType = sourcecode.swift; path = AppDelegate.swift; sourceTree = "<group>"; };
		23021AA727103A8E00C223BE /* SceneDelegate.swift */ = {isa = PBXFileReference; lastKnownFileType = sourcecode.swift; path = SceneDelegate.swift; sourceTree = "<group>"; };
		23021AAC27103A8E00C223BE /* Base */ = {isa = PBXFileReference; lastKnownFileType = file.storyboard; name = Base; path = Base.lproj/Main.storyboard; sourceTree = "<group>"; };
		23021AAE27103A9000C223BE /* Assets.xcassets */ = {isa = PBXFileReference; lastKnownFileType = folder.assetcatalog; path = Assets.xcassets; sourceTree = "<group>"; };
		23021AB127103A9000C223BE /* Base */ = {isa = PBXFileReference; lastKnownFileType = file.storyboard; name = Base; path = Base.lproj/LaunchScreen.storyboard; sourceTree = "<group>"; };
		23021AB327103A9000C223BE /* Info.plist */ = {isa = PBXFileReference; lastKnownFileType = text.plist.xml; path = Info.plist; sourceTree = "<group>"; };
		23021AB927103CD900C223BE /* README.md */ = {isa = PBXFileReference; lastKnownFileType = net.daringfireball.markdown; path = README.md; sourceTree = "<group>"; };
		23021AC12710419E00C223BE /* BaseURL.swift */ = {isa = PBXFileReference; lastKnownFileType = sourcecode.swift; path = BaseURL.swift; sourceTree = "<group>"; };
		23021AC3271041B000C223BE /* AbsolutePath.swift */ = {isa = PBXFileReference; lastKnownFileType = sourcecode.swift; path = AbsolutePath.swift; sourceTree = "<group>"; };
		23021AC5271041C800C223BE /* HTTPMethod.swift */ = {isa = PBXFileReference; lastKnownFileType = sourcecode.swift; path = HTTPMethod.swift; sourceTree = "<group>"; };
		23021AC7271041E800C223BE /* EndPointError.swift */ = {isa = PBXFileReference; lastKnownFileType = sourcecode.swift; path = EndPointError.swift; sourceTree = "<group>"; };
		23021AC92710426100C223BE /* EndPoint.swift */ = {isa = PBXFileReference; lastKnownFileType = sourcecode.swift; path = EndPoint.swift; sourceTree = "<group>"; };
		23021ACE2710456200C223BE /* OSLog+Loggers.swift */ = {isa = PBXFileReference; lastKnownFileType = sourcecode.swift; path = "OSLog+Loggers.swift"; sourceTree = "<group>"; };
		23021AD02710457200C223BE /* Encodable+Extension.swift */ = {isa = PBXFileReference; lastKnownFileType = sourcecode.swift; path = "Encodable+Extension.swift"; sourceTree = "<group>"; };
		23021AD22710458700C223BE /* String+Url.swift */ = {isa = PBXFileReference; lastKnownFileType = sourcecode.swift; path = "String+Url.swift"; sourceTree = "<group>"; };
		23021AD5271046D500C223BE /* URLRequestBuilding.swift */ = {isa = PBXFileReference; lastKnownFileType = sourcecode.swift; path = URLRequestBuilding.swift; sourceTree = "<group>"; };
		23021AD92710470300C223BE /* URLRequestBuilder.swift */ = {isa = PBXFileReference; lastKnownFileType = sourcecode.swift; path = URLRequestBuilder.swift; sourceTree = "<group>"; };
		23021ADC2710475600C223BE /* DataResponseHandling.swift */ = {isa = PBXFileReference; lastKnownFileType = sourcecode.swift; path = DataResponseHandling.swift; sourceTree = "<group>"; };
		23021ADE2710476700C223BE /* DataResponseHandler.swift */ = {isa = PBXFileReference; lastKnownFileType = sourcecode.swift; path = DataResponseHandler.swift; sourceTree = "<group>"; };
		23021AE32710487F00C223BE /* DataResponseDecoding.swift */ = {isa = PBXFileReference; lastKnownFileType = sourcecode.swift; path = DataResponseDecoding.swift; sourceTree = "<group>"; };
		23021AE5271048AA00C223BE /* DataResponseDecoder.swift */ = {isa = PBXFileReference; lastKnownFileType = sourcecode.swift; path = DataResponseDecoder.swift; sourceTree = "<group>"; };
		23021AE827104A7E00C223BE /* DataRequesting.swift */ = {isa = PBXFileReference; lastKnownFileType = sourcecode.swift; path = DataRequesting.swift; sourceTree = "<group>"; };
		23021AEA27104A9A00C223BE /* URLSessionRequesting.swift */ = {isa = PBXFileReference; lastKnownFileType = sourcecode.swift; path = URLSessionRequesting.swift; sourceTree = "<group>"; };
		23021AEC27104AB000C223BE /* DataRequester.swift */ = {isa = PBXFileReference; lastKnownFileType = sourcecode.swift; path = DataRequester.swift; sourceTree = "<group>"; };
		23021AEE27104AE300C223BE /* RequestManager.swift */ = {isa = PBXFileReference; lastKnownFileType = sourcecode.swift; path = RequestManager.swift; sourceTree = "<group>"; };
		23021AF127105C8F00C223BE /* PicsumProviding.swift */ = {isa = PBXFileReference; lastKnownFileType = sourcecode.swift; path = PicsumProviding.swift; sourceTree = "<group>"; };
		2377D84C2710DEC600FE935E /* PhotosDelegate.swift */ = {isa = PBXFileReference; lastKnownFileType = sourcecode.swift; path = PhotosDelegate.swift; sourceTree = "<group>"; };
		2389612D2711FE1D00DB974B /* PhotosCashingProviding.swift */ = {isa = PBXFileReference; lastKnownFileType = sourcecode.swift; path = PhotosCashingProviding.swift; sourceTree = "<group>"; };
		2389612F2711FE2300DB974B /* PhotosCashingProvider.swift */ = {isa = PBXFileReference; lastKnownFileType = sourcecode.swift; path = PhotosCashingProvider.swift; sourceTree = "<group>"; };
		23BB6A2427119A68003D46B8 /* AdTableViewCell.swift */ = {isa = PBXFileReference; lastKnownFileType = sourcecode.swift; path = AdTableViewCell.swift; sourceTree = "<group>"; };
		23BB6A2527119A68003D46B8 /* AdTableViewCell.xib */ = {isa = PBXFileReference; lastKnownFileType = file.xib; path = AdTableViewCell.xib; sourceTree = "<group>"; };
		23BB6A292711A901003D46B8 /* Monitor.swift */ = {isa = PBXFileReference; lastKnownFileType = sourcecode.swift; path = Monitor.swift; sourceTree = "<group>"; };
		23BB6A2D2711B2D7003D46B8 /* PhotoDetailsViewController.swift */ = {isa = PBXFileReference; lastKnownFileType = sourcecode.swift; path = PhotoDetailsViewController.swift; sourceTree = "<group>"; };
		23BB6A302711B484003D46B8 /* PhotoDetailsViewModel.swift */ = {isa = PBXFileReference; lastKnownFileType = sourcecode.swift; path = PhotoDetailsViewModel.swift; sourceTree = "<group>"; };
		23BB6A332711B4AE003D46B8 /* Storyboard.swift */ = {isa = PBXFileReference; lastKnownFileType = sourcecode.swift; path = Storyboard.swift; sourceTree = "<group>"; };
		23BB6A352711C0B3003D46B8 /* UIImage+MostDominantColor.swift */ = {isa = PBXFileReference; lastKnownFileType = sourcecode.swift; path = "UIImage+MostDominantColor.swift"; sourceTree = "<group>"; };
		23F8608E2710895400A61CC8 /* PhotosParameters.swift */ = {isa = PBXFileReference; lastKnownFileType = sourcecode.swift; path = PhotosParameters.swift; sourceTree = "<group>"; };
		23F860902710895C00A61CC8 /* Photo.swift */ = {isa = PBXFileReference; lastKnownFileType = sourcecode.swift; path = Photo.swift; sourceTree = "<group>"; };
		23F860942710899E00A61CC8 /* PhotosViewController.swift */ = {isa = PBXFileReference; lastKnownFileType = sourcecode.swift; path = PhotosViewController.swift; sourceTree = "<group>"; };
		23F86096271089B400A61CC8 /* PhotosViewModel.swift */ = {isa = PBXFileReference; lastKnownFileType = sourcecode.swift; path = PhotosViewModel.swift; sourceTree = "<group>"; };
		23F86098271089CB00A61CC8 /* PhotoTableViewCell.swift */ = {isa = PBXFileReference; lastKnownFileType = sourcecode.swift; path = PhotoTableViewCell.swift; sourceTree = "<group>"; };
		23F86099271089CB00A61CC8 /* PhotoTableViewCell.xib */ = {isa = PBXFileReference; lastKnownFileType = file.xib; path = PhotoTableViewCell.xib; sourceTree = "<group>"; };
		23F8609C27108D1E00A61CC8 /* PhotoCellViewModel.swift */ = {isa = PBXFileReference; lastKnownFileType = sourcecode.swift; path = PhotoCellViewModel.swift; sourceTree = "<group>"; };
		23F8609E271090AB00A61CC8 /* PhotosDataSource.swift */ = {isa = PBXFileReference; lastKnownFileType = sourcecode.swift; path = PhotosDataSource.swift; sourceTree = "<group>"; };
		23F860A02710963900A61CC8 /* UITableViewCell+identifier.swift */ = {isa = PBXFileReference; lastKnownFileType = sourcecode.swift; path = "UITableViewCell+identifier.swift"; sourceTree = "<group>"; };
/* End PBXFileReference section */

/* Begin PBXFrameworksBuildPhase section */
		23021A9F27103A8E00C223BE /* Frameworks */ = {
			isa = PBXFrameworksBuildPhase;
			buildActionMask = 2147483647;
			files = (
				2377D88327110F0F00FE935E /* SDWebImage in Frameworks */,
			);
			runOnlyForDeploymentPostprocessing = 0;
		};
/* End PBXFrameworksBuildPhase section */

/* Begin PBXGroup section */
		23021A9927103A8E00C223BE = {
			isa = PBXGroup;
			children = (
				23021AB927103CD900C223BE /* README.md */,
				23021AA427103A8E00C223BE /* iOS Assessment */,
				23021AA327103A8E00C223BE /* Products */,
			);
			sourceTree = "<group>";
		};
		23021AA327103A8E00C223BE /* Products */ = {
			isa = PBXGroup;
			children = (
				23021AA227103A8E00C223BE /* iOS Assessment.app */,
			);
			name = Products;
			sourceTree = "<group>";
		};
		23021AA427103A8E00C223BE /* iOS Assessment */ = {
			isa = PBXGroup;
			children = (
				23021ABF2710416300C223BE /* Request Manager */,
				23021ABA27103E3500C223BE /* Application Delegates */,
				23021ABE27103EB900C223BE /* Configurations */,
				23021ABC27103E9700C223BE /* Resources */,
				23021ACC2710453700C223BE /* Utilities */,
				23021ABD27103EA300C223BE /* StoryBoards */,
				23021ABB27103E4500C223BE /* Application Screens */,
			);
			path = "iOS Assessment";
			sourceTree = "<group>";
		};
		23021ABA27103E3500C223BE /* Application Delegates */ = {
			isa = PBXGroup;
			children = (
				23021AA527103A8E00C223BE /* AppDelegate.swift */,
				23021AA727103A8E00C223BE /* SceneDelegate.swift */,
			);
			path = "Application Delegates";
			sourceTree = "<group>";
		};
		23021ABB27103E4500C223BE /* Application Screens */ = {
			isa = PBXGroup;
			children = (
				23F860892710891800A61CC8 /* Photos */,
				23BB6A2B2711B29F003D46B8 /* PhotoDetails */,
			);
			path = "Application Screens";
			sourceTree = "<group>";
		};
		23021ABC27103E9700C223BE /* Resources */ = {
			isa = PBXGroup;
			children = (
				23021AAE27103A9000C223BE /* Assets.xcassets */,
			);
			path = Resources;
			sourceTree = "<group>";
		};
		23021ABD27103EA300C223BE /* StoryBoards */ = {
			isa = PBXGroup;
			children = (
				23021AAB27103A8E00C223BE /* Main.storyboard */,
				23021AB027103A9000C223BE /* LaunchScreen.storyboard */,
			);
			path = StoryBoards;
			sourceTree = "<group>";
		};
		23021ABE27103EB900C223BE /* Configurations */ = {
			isa = PBXGroup;
			children = (
				23021AB327103A9000C223BE /* Info.plist */,
			);
			path = Configurations;
			sourceTree = "<group>";
		};
		23021ABF2710416300C223BE /* Request Manager */ = {
			isa = PBXGroup;
			children = (
				23021AC02710417000C223BE /* End Point Core */,
				23021AD4271046C600C223BE /* URL Request Building */,
				23021ADB2710473000C223BE /* Data Response Handling */,
				23021AE22710486300C223BE /* Data Response Decoding */,
				23021AE727104A0200C223BE /* Data Requesting */,
				23021AF027105C7D00C223BE /* Providers */,
				23021AEE27104AE300C223BE /* RequestManager.swift */,
			);
			path = "Request Manager";
			sourceTree = "<group>";
		};
		23021AC02710417000C223BE /* End Point Core */ = {
			isa = PBXGroup;
			children = (
				23021AC12710419E00C223BE /* BaseURL.swift */,
				23021AC3271041B000C223BE /* AbsolutePath.swift */,
				23021AC5271041C800C223BE /* HTTPMethod.swift */,
				23021AC7271041E800C223BE /* EndPointError.swift */,
				23021AC92710426100C223BE /* EndPoint.swift */,
			);
			path = "End Point Core";
			sourceTree = "<group>";
		};
		23021ACC2710453700C223BE /* Utilities */ = {
			isa = PBXGroup;
			children = (
				2389612C2711FDF700DB974B /* PhotosCashingProvider */,
				23BB6A322711B488003D46B8 /* Storyboard */,
				23BB6A282711A8F8003D46B8 /* Monitor */,
				23021ACD2710454A00C223BE /* Extensions */,
			);
			path = Utilities;
			sourceTree = "<group>";
		};
		23021ACD2710454A00C223BE /* Extensions */ = {
			isa = PBXGroup;
			children = (
				23021ACE2710456200C223BE /* OSLog+Loggers.swift */,
				23021AD02710457200C223BE /* Encodable+Extension.swift */,
				23021AD22710458700C223BE /* String+Url.swift */,
				23F860A02710963900A61CC8 /* UITableViewCell+identifier.swift */,
				23BB6A352711C0B3003D46B8 /* UIImage+MostDominantColor.swift */,
			);
			path = Extensions;
			sourceTree = "<group>";
		};
		23021AD4271046C600C223BE /* URL Request Building */ = {
			isa = PBXGroup;
			children = (
				23021AD5271046D500C223BE /* URLRequestBuilding.swift */,
				23021AD92710470300C223BE /* URLRequestBuilder.swift */,
			);
			path = "URL Request Building";
			sourceTree = "<group>";
		};
		23021ADB2710473000C223BE /* Data Response Handling */ = {
			isa = PBXGroup;
			children = (
				23021ADC2710475600C223BE /* DataResponseHandling.swift */,
				23021ADE2710476700C223BE /* DataResponseHandler.swift */,
			);
			path = "Data Response Handling";
			sourceTree = "<group>";
		};
		23021AE22710486300C223BE /* Data Response Decoding */ = {
			isa = PBXGroup;
			children = (
				23021AE32710487F00C223BE /* DataResponseDecoding.swift */,
				23021AE5271048AA00C223BE /* DataResponseDecoder.swift */,
			);
			path = "Data Response Decoding";
			sourceTree = "<group>";
		};
		23021AE727104A0200C223BE /* Data Requesting */ = {
			isa = PBXGroup;
			children = (
				23021AE827104A7E00C223BE /* DataRequesting.swift */,
				23021AEA27104A9A00C223BE /* URLSessionRequesting.swift */,
				23021AEC27104AB000C223BE /* DataRequester.swift */,
			);
			path = "Data Requesting";
			sourceTree = "<group>";
		};
		23021AF027105C7D00C223BE /* Providers */ = {
			isa = PBXGroup;
			children = (
				23021AF127105C8F00C223BE /* PicsumProviding.swift */,
			);
			path = Providers;
			sourceTree = "<group>";
		};
		2389612C2711FDF700DB974B /* PhotosCashingProvider */ = {
			isa = PBXGroup;
			children = (
				2389612D2711FE1D00DB974B /* PhotosCashingProviding.swift */,
				2389612F2711FE2300DB974B /* PhotosCashingProvider.swift */,
			);
			path = PhotosCashingProvider;
			sourceTree = "<group>";
		};
		23BB6A2327119917003D46B8 /* Cells */ = {
			isa = PBXGroup;
			children = (
				23F86098271089CB00A61CC8 /* PhotoTableViewCell.swift */,
				23BB6A2427119A68003D46B8 /* AdTableViewCell.swift */,
			);
			path = Cells;
			sourceTree = "<group>";
		};
		23BB6A282711A8F8003D46B8 /* Monitor */ = {
			isa = PBXGroup;
			children = (
				23BB6A292711A901003D46B8 /* Monitor.swift */,
			);
			path = Monitor;
			sourceTree = "<group>";
		};
		23BB6A2B2711B29F003D46B8 /* PhotoDetails */ = {
			isa = PBXGroup;
			children = (
				23BB6A2F2711B471003D46B8 /* ViewModel */,
				23BB6A2C2711B2B5003D46B8 /* Controller */,
			);
			path = PhotoDetails;
			sourceTree = "<group>";
		};
		23BB6A2C2711B2B5003D46B8 /* Controller */ = {
			isa = PBXGroup;
			children = (
				23BB6A2D2711B2D7003D46B8 /* PhotoDetailsViewController.swift */,
			);
			path = Controller;
			sourceTree = "<group>";
		};
		23BB6A2F2711B471003D46B8 /* ViewModel */ = {
			isa = PBXGroup;
			children = (
				23BB6A302711B484003D46B8 /* PhotoDetailsViewModel.swift */,
			);
			path = ViewModel;
			sourceTree = "<group>";
		};
		23BB6A322711B488003D46B8 /* Storyboard */ = {
			isa = PBXGroup;
			children = (
				23BB6A332711B4AE003D46B8 /* Storyboard.swift */,
			);
			path = Storyboard;
			sourceTree = "<group>";
		};
		23F860892710891800A61CC8 /* Photos */ = {
			isa = PBXGroup;
			children = (
				23F8608D2710893D00A61CC8 /* Model */,
				23F8608C2710893500A61CC8 /* View */,
				23F8608B2710892F00A61CC8 /* ViewModel */,
				23F8608A2710892400A61CC8 /* Controller */,
			);
			path = Photos;
			sourceTree = "<group>";
		};
		23F8608A2710892400A61CC8 /* Controller */ = {
			isa = PBXGroup;
			children = (
				23BB6A2327119917003D46B8 /* Cells */,
				23F860942710899E00A61CC8 /* PhotosViewController.swift */,
				23F8609E271090AB00A61CC8 /* PhotosDataSource.swift */,
				2377D84C2710DEC600FE935E /* PhotosDelegate.swift */,
			);
			path = Controller;
			sourceTree = "<group>";
		};
		23F8608B2710892F00A61CC8 /* ViewModel */ = {
			isa = PBXGroup;
			children = (
				23F86096271089B400A61CC8 /* PhotosViewModel.swift */,
				23F8609C27108D1E00A61CC8 /* PhotoCellViewModel.swift */,
			);
			path = ViewModel;
			sourceTree = "<group>";
		};
		23F8608C2710893500A61CC8 /* View */ = {
			isa = PBXGroup;
			children = (
				23F86099271089CB00A61CC8 /* PhotoTableViewCell.xib */,
				23BB6A2527119A68003D46B8 /* AdTableViewCell.xib */,
			);
			path = View;
			sourceTree = "<group>";
		};
		23F8608D2710893D00A61CC8 /* Model */ = {
			isa = PBXGroup;
			children = (
				23F8608E2710895400A61CC8 /* PhotosParameters.swift */,
				23F860902710895C00A61CC8 /* Photo.swift */,
			);
			path = Model;
			sourceTree = "<group>";
		};
/* End PBXGroup section */

/* Begin PBXNativeTarget section */
		23021AA127103A8E00C223BE /* iOS Assessment */ = {
			isa = PBXNativeTarget;
			buildConfigurationList = 23021AB627103A9000C223BE /* Build configuration list for PBXNativeTarget "iOS Assessment" */;
			buildPhases = (
				23021A9E27103A8E00C223BE /* Sources */,
				23021A9F27103A8E00C223BE /* Frameworks */,
				23021AA027103A8E00C223BE /* Resources */,
			);
			buildRules = (
			);
			dependencies = (
			);
			name = "iOS Assessment";
			packageProductDependencies = (
				2377D88227110F0F00FE935E /* SDWebImage */,
			);
			productName = "iOS Assessment";
			productReference = 23021AA227103A8E00C223BE /* iOS Assessment.app */;
			productType = "com.apple.product-type.application";
		};
/* End PBXNativeTarget section */

/* Begin PBXProject section */
		23021A9A27103A8E00C223BE /* Project object */ = {
			isa = PBXProject;
			attributes = {
				BuildIndependentTargetsInParallel = 1;
				LastSwiftUpdateCheck = 1300;
				LastUpgradeCheck = 1300;
				TargetAttributes = {
					23021AA127103A8E00C223BE = {
						CreatedOnToolsVersion = 13.0;
					};
				};
			};
			buildConfigurationList = 23021A9D27103A8E00C223BE /* Build configuration list for PBXProject "iOS Assessment" */;
			compatibilityVersion = "Xcode 13.0";
			developmentRegion = en;
			hasScannedForEncodings = 0;
			knownRegions = (
				en,
				Base,
			);
			mainGroup = 23021A9927103A8E00C223BE;
			packageReferences = (
				2377D88127110F0F00FE935E /* XCRemoteSwiftPackageReference "SDWebImage" */,
			);
			productRefGroup = 23021AA327103A8E00C223BE /* Products */;
			projectDirPath = "";
			projectRoot = "";
			targets = (
				23021AA127103A8E00C223BE /* iOS Assessment */,
			);
		};
/* End PBXProject section */

/* Begin PBXResourcesBuildPhase section */
		23021AA027103A8E00C223BE /* Resources */ = {
			isa = PBXResourcesBuildPhase;
			buildActionMask = 2147483647;
			files = (
				23BB6A2727119A68003D46B8 /* AdTableViewCell.xib in Resources */,
				23F8609B271089CB00A61CC8 /* PhotoTableViewCell.xib in Resources */,
				23021AB227103A9000C223BE /* LaunchScreen.storyboard in Resources */,
				23021AAF27103A9000C223BE /* Assets.xcassets in Resources */,
				23021AAD27103A8E00C223BE /* Main.storyboard in Resources */,
			);
			runOnlyForDeploymentPostprocessing = 0;
		};
/* End PBXResourcesBuildPhase section */

/* Begin PBXSourcesBuildPhase section */
		23021A9E27103A8E00C223BE /* Sources */ = {
			isa = PBXSourcesBuildPhase;
			buildActionMask = 2147483647;
			files = (
				23021AD6271046D500C223BE /* URLRequestBuilding.swift in Sources */,
				23F8609F271090AB00A61CC8 /* PhotosDataSource.swift in Sources */,
				23BB6A362711C0B3003D46B8 /* UIImage+MostDominantColor.swift in Sources */,
				23021AE927104A7E00C223BE /* DataRequesting.swift in Sources */,
				23021ADA2710470300C223BE /* URLRequestBuilder.swift in Sources */,
				23021AC4271041B000C223BE /* AbsolutePath.swift in Sources */,
				23BB6A2627119A68003D46B8 /* AdTableViewCell.swift in Sources */,
				23021ACA2710426100C223BE /* EndPoint.swift in Sources */,
				23021AD12710457200C223BE /* Encodable+Extension.swift in Sources */,
				23021AC8271041E800C223BE /* EndPointError.swift in Sources */,
				23021AED27104AB000C223BE /* DataRequester.swift in Sources */,
				23021AC6271041C800C223BE /* HTTPMethod.swift in Sources */,
				23F860952710899E00A61CC8 /* PhotosViewController.swift in Sources */,
				238961302711FE2300DB974B /* PhotosCashingProvider.swift in Sources */,
				2389612E2711FE1D00DB974B /* PhotosCashingProviding.swift in Sources */,
				23F8609A271089CB00A61CC8 /* PhotoTableViewCell.swift in Sources */,
				23021AE6271048AA00C223BE /* DataResponseDecoder.swift in Sources */,
				23021AEB27104A9A00C223BE /* URLSessionRequesting.swift in Sources */,
				23021AD32710458700C223BE /* String+Url.swift in Sources */,
				23BB6A2A2711A901003D46B8 /* Monitor.swift in Sources */,
				23F8608F2710895400A61CC8 /* PhotosParameters.swift in Sources */,
				23021AA627103A8E00C223BE /* AppDelegate.swift in Sources */,
				23021ADF2710476700C223BE /* DataResponseHandler.swift in Sources */,
				23BB6A312711B484003D46B8 /* PhotoDetailsViewModel.swift in Sources */,
				23021AC22710419E00C223BE /* BaseURL.swift in Sources */,
				23F8609D27108D1E00A61CC8 /* PhotoCellViewModel.swift in Sources */,
				23F86097271089B400A61CC8 /* PhotosViewModel.swift in Sources */,
				23F860912710895C00A61CC8 /* Photo.swift in Sources */,
				23F860A12710963900A61CC8 /* UITableViewCell+identifier.swift in Sources */,
				23021AE42710487F00C223BE /* DataResponseDecoding.swift in Sources */,
				23BB6A2E2711B2D7003D46B8 /* PhotoDetailsViewController.swift in Sources */,
				23021ADD2710475600C223BE /* DataResponseHandling.swift in Sources */,
				23021AEF27104AE300C223BE /* RequestManager.swift in Sources */,
				23021AF227105C8F00C223BE /* PicsumProviding.swift in Sources */,
				23BB6A342711B4AE003D46B8 /* Storyboard.swift in Sources */,
				23021ACF2710456200C223BE /* OSLog+Loggers.swift in Sources */,
				23021AA827103A8E00C223BE /* SceneDelegate.swift in Sources */,
				2377D84D2710DEC600FE935E /* PhotosDelegate.swift in Sources */,
			);
			runOnlyForDeploymentPostprocessing = 0;
		};
/* End PBXSourcesBuildPhase section */

/* Begin PBXVariantGroup section */
		23021AAB27103A8E00C223BE /* Main.storyboard */ = {
			isa = PBXVariantGroup;
			children = (
				23021AAC27103A8E00C223BE /* Base */,
			);
			name = Main.storyboard;
			sourceTree = "<group>";
		};
		23021AB027103A9000C223BE /* LaunchScreen.storyboard */ = {
			isa = PBXVariantGroup;
			children = (
				23021AB127103A9000C223BE /* Base */,
			);
			name = LaunchScreen.storyboard;
			sourceTree = "<group>";
		};
/* End PBXVariantGroup section */

/* Begin XCBuildConfiguration section */
		23021AB427103A9000C223BE /* Debug */ = {
			isa = XCBuildConfiguration;
			buildSettings = {
				ALWAYS_SEARCH_USER_PATHS = NO;
				CLANG_ANALYZER_NONNULL = YES;
				CLANG_ANALYZER_NUMBER_OBJECT_CONVERSION = YES_AGGRESSIVE;
				CLANG_CXX_LANGUAGE_STANDARD = "gnu++17";
				CLANG_CXX_LIBRARY = "libc++";
				CLANG_ENABLE_MODULES = YES;
				CLANG_ENABLE_OBJC_ARC = YES;
				CLANG_ENABLE_OBJC_WEAK = YES;
				CLANG_WARN_BLOCK_CAPTURE_AUTORELEASING = YES;
				CLANG_WARN_BOOL_CONVERSION = YES;
				CLANG_WARN_COMMA = YES;
				CLANG_WARN_CONSTANT_CONVERSION = YES;
				CLANG_WARN_DEPRECATED_OBJC_IMPLEMENTATIONS = YES;
				CLANG_WARN_DIRECT_OBJC_ISA_USAGE = YES_ERROR;
				CLANG_WARN_DOCUMENTATION_COMMENTS = YES;
				CLANG_WARN_EMPTY_BODY = YES;
				CLANG_WARN_ENUM_CONVERSION = YES;
				CLANG_WARN_INFINITE_RECURSION = YES;
				CLANG_WARN_INT_CONVERSION = YES;
				CLANG_WARN_NON_LITERAL_NULL_CONVERSION = YES;
				CLANG_WARN_OBJC_IMPLICIT_RETAIN_SELF = YES;
				CLANG_WARN_OBJC_LITERAL_CONVERSION = YES;
				CLANG_WARN_OBJC_ROOT_CLASS = YES_ERROR;
				CLANG_WARN_QUOTED_INCLUDE_IN_FRAMEWORK_HEADER = YES;
				CLANG_WARN_RANGE_LOOP_ANALYSIS = YES;
				CLANG_WARN_STRICT_PROTOTYPES = YES;
				CLANG_WARN_SUSPICIOUS_MOVE = YES;
				CLANG_WARN_UNGUARDED_AVAILABILITY = YES_AGGRESSIVE;
				CLANG_WARN_UNREACHABLE_CODE = YES;
				CLANG_WARN__DUPLICATE_METHOD_MATCH = YES;
				COPY_PHASE_STRIP = NO;
				DEBUG_INFORMATION_FORMAT = dwarf;
				ENABLE_STRICT_OBJC_MSGSEND = YES;
				ENABLE_TESTABILITY = YES;
				GCC_C_LANGUAGE_STANDARD = gnu11;
				GCC_DYNAMIC_NO_PIC = NO;
				GCC_NO_COMMON_BLOCKS = YES;
				GCC_OPTIMIZATION_LEVEL = 0;
				GCC_PREPROCESSOR_DEFINITIONS = (
					"DEBUG=1",
					"$(inherited)",
				);
				GCC_WARN_64_TO_32_BIT_CONVERSION = YES;
				GCC_WARN_ABOUT_RETURN_TYPE = YES_ERROR;
				GCC_WARN_UNDECLARED_SELECTOR = YES;
				GCC_WARN_UNINITIALIZED_AUTOS = YES_AGGRESSIVE;
				GCC_WARN_UNUSED_FUNCTION = YES;
				GCC_WARN_UNUSED_VARIABLE = YES;
				IPHONEOS_DEPLOYMENT_TARGET = 15.0;
				MTL_ENABLE_DEBUG_INFO = INCLUDE_SOURCE;
				MTL_FAST_MATH = YES;
				ONLY_ACTIVE_ARCH = YES;
				SDKROOT = iphoneos;
				SWIFT_ACTIVE_COMPILATION_CONDITIONS = DEBUG;
				SWIFT_OPTIMIZATION_LEVEL = "-Onone";
			};
			name = Debug;
		};
		23021AB527103A9000C223BE /* Release */ = {
			isa = XCBuildConfiguration;
			buildSettings = {
				ALWAYS_SEARCH_USER_PATHS = NO;
				CLANG_ANALYZER_NONNULL = YES;
				CLANG_ANALYZER_NUMBER_OBJECT_CONVERSION = YES_AGGRESSIVE;
				CLANG_CXX_LANGUAGE_STANDARD = "gnu++17";
				CLANG_CXX_LIBRARY = "libc++";
				CLANG_ENABLE_MODULES = YES;
				CLANG_ENABLE_OBJC_ARC = YES;
				CLANG_ENABLE_OBJC_WEAK = YES;
				CLANG_WARN_BLOCK_CAPTURE_AUTORELEASING = YES;
				CLANG_WARN_BOOL_CONVERSION = YES;
				CLANG_WARN_COMMA = YES;
				CLANG_WARN_CONSTANT_CONVERSION = YES;
				CLANG_WARN_DEPRECATED_OBJC_IMPLEMENTATIONS = YES;
				CLANG_WARN_DIRECT_OBJC_ISA_USAGE = YES_ERROR;
				CLANG_WARN_DOCUMENTATION_COMMENTS = YES;
				CLANG_WARN_EMPTY_BODY = YES;
				CLANG_WARN_ENUM_CONVERSION = YES;
				CLANG_WARN_INFINITE_RECURSION = YES;
				CLANG_WARN_INT_CONVERSION = YES;
				CLANG_WARN_NON_LITERAL_NULL_CONVERSION = YES;
				CLANG_WARN_OBJC_IMPLICIT_RETAIN_SELF = YES;
				CLANG_WARN_OBJC_LITERAL_CONVERSION = YES;
				CLANG_WARN_OBJC_ROOT_CLASS = YES_ERROR;
				CLANG_WARN_QUOTED_INCLUDE_IN_FRAMEWORK_HEADER = YES;
				CLANG_WARN_RANGE_LOOP_ANALYSIS = YES;
				CLANG_WARN_STRICT_PROTOTYPES = YES;
				CLANG_WARN_SUSPICIOUS_MOVE = YES;
				CLANG_WARN_UNGUARDED_AVAILABILITY = YES_AGGRESSIVE;
				CLANG_WARN_UNREACHABLE_CODE = YES;
				CLANG_WARN__DUPLICATE_METHOD_MATCH = YES;
				COPY_PHASE_STRIP = NO;
				DEBUG_INFORMATION_FORMAT = "dwarf-with-dsym";
				ENABLE_NS_ASSERTIONS = NO;
				ENABLE_STRICT_OBJC_MSGSEND = YES;
				GCC_C_LANGUAGE_STANDARD = gnu11;
				GCC_NO_COMMON_BLOCKS = YES;
				GCC_WARN_64_TO_32_BIT_CONVERSION = YES;
				GCC_WARN_ABOUT_RETURN_TYPE = YES_ERROR;
				GCC_WARN_UNDECLARED_SELECTOR = YES;
				GCC_WARN_UNINITIALIZED_AUTOS = YES_AGGRESSIVE;
				GCC_WARN_UNUSED_FUNCTION = YES;
				GCC_WARN_UNUSED_VARIABLE = YES;
				IPHONEOS_DEPLOYMENT_TARGET = 15.0;
				MTL_ENABLE_DEBUG_INFO = NO;
				MTL_FAST_MATH = YES;
				SDKROOT = iphoneos;
				SWIFT_COMPILATION_MODE = wholemodule;
				SWIFT_OPTIMIZATION_LEVEL = "-O";
				VALIDATE_PRODUCT = YES;
			};
			name = Release;
		};
		23021AB727103A9000C223BE /* Debug */ = {
			isa = XCBuildConfiguration;
			buildSettings = {
				ASSETCATALOG_COMPILER_APPICON_NAME = AppIcon;
				ASSETCATALOG_COMPILER_GLOBAL_ACCENT_COLOR_NAME = AccentColor;
				CODE_SIGN_STYLE = Automatic;
				CURRENT_PROJECT_VERSION = 1;
				DEVELOPMENT_TEAM = 8V78H7WRYL;
				GENERATE_INFOPLIST_FILE = YES;
				INFOPLIST_FILE = "iOS Assessment/Configurations/Info.plist";
				INFOPLIST_KEY_UIApplicationSupportsIndirectInputEvents = YES;
				INFOPLIST_KEY_UILaunchStoryboardName = LaunchScreen;
				INFOPLIST_KEY_UIMainStoryboardFile = Main;
				INFOPLIST_KEY_UISupportedInterfaceOrientations_iPad = "UIInterfaceOrientationPortrait UIInterfaceOrientationPortraitUpsideDown UIInterfaceOrientationLandscapeLeft UIInterfaceOrientationLandscapeRight";
				INFOPLIST_KEY_UISupportedInterfaceOrientations_iPhone = "UIInterfaceOrientationPortrait UIInterfaceOrientationLandscapeLeft UIInterfaceOrientationLandscapeRight";
				IPHONEOS_DEPLOYMENT_TARGET = 13.0;
				LD_RUNPATH_SEARCH_PATHS = (
					"$(inherited)",
					"@executable_path/Frameworks",
				);
				MARKETING_VERSION = 1.0;
				PRODUCT_BUNDLE_IDENTIFIER = "com.vodafone.iOS-Assessment";
				PRODUCT_NAME = "$(TARGET_NAME)";
				SWIFT_EMIT_LOC_STRINGS = YES;
				SWIFT_VERSION = 5.0;
				TARGETED_DEVICE_FAMILY = 1;
			};
			name = Debug;
		};
		23021AB827103A9000C223BE /* Release */ = {
			isa = XCBuildConfiguration;
			buildSettings = {
				ASSETCATALOG_COMPILER_APPICON_NAME = AppIcon;
				ASSETCATALOG_COMPILER_GLOBAL_ACCENT_COLOR_NAME = AccentColor;
				CODE_SIGN_STYLE = Automatic;
				CURRENT_PROJECT_VERSION = 1;
				DEVELOPMENT_TEAM = 8V78H7WRYL;
				GENERATE_INFOPLIST_FILE = YES;
				INFOPLIST_FILE = "iOS Assessment/Configurations/Info.plist";
				INFOPLIST_KEY_UIApplicationSupportsIndirectInputEvents = YES;
				INFOPLIST_KEY_UILaunchStoryboardName = LaunchScreen;
				INFOPLIST_KEY_UIMainStoryboardFile = Main;
				INFOPLIST_KEY_UISupportedInterfaceOrientations_iPad = "UIInterfaceOrientationPortrait UIInterfaceOrientationPortraitUpsideDown UIInterfaceOrientationLandscapeLeft UIInterfaceOrientationLandscapeRight";
				INFOPLIST_KEY_UISupportedInterfaceOrientations_iPhone = "UIInterfaceOrientationPortrait UIInterfaceOrientationLandscapeLeft UIInterfaceOrientationLandscapeRight";
				IPHONEOS_DEPLOYMENT_TARGET = 13.0;
				LD_RUNPATH_SEARCH_PATHS = (
					"$(inherited)",
					"@executable_path/Frameworks",
				);
				MARKETING_VERSION = 1.0;
				PRODUCT_BUNDLE_IDENTIFIER = "com.vodafone.iOS-Assessment";
				PRODUCT_NAME = "$(TARGET_NAME)";
				SWIFT_EMIT_LOC_STRINGS = YES;
				SWIFT_VERSION = 5.0;
				TARGETED_DEVICE_FAMILY = 1;
			};
			name = Release;
		};
/* End XCBuildConfiguration section */

/* Begin XCConfigurationList section */
		23021A9D27103A8E00C223BE /* Build configuration list for PBXProject "iOS Assessment" */ = {
			isa = XCConfigurationList;
			buildConfigurations = (
				23021AB427103A9000C223BE /* Debug */,
				23021AB527103A9000C223BE /* Release */,
			);
			defaultConfigurationIsVisible = 0;
			defaultConfigurationName = Release;
		};
		23021AB627103A9000C223BE /* Build configuration list for PBXNativeTarget "iOS Assessment" */ = {
			isa = XCConfigurationList;
			buildConfigurations = (
				23021AB727103A9000C223BE /* Debug */,
				23021AB827103A9000C223BE /* Release */,
			);
			defaultConfigurationIsVisible = 0;
			defaultConfigurationName = Release;
		};
/* End XCConfigurationList section */

/* Begin XCRemoteSwiftPackageReference section */
		2377D88127110F0F00FE935E /* XCRemoteSwiftPackageReference "SDWebImage" */ = {
			isa = XCRemoteSwiftPackageReference;
			repositoryURL = "https://github.com/SDWebImage/SDWebImage.git";
			requirement = {
				kind = upToNextMajorVersion;
				minimumVersion = 5.0.0;
			};
		};
/* End XCRemoteSwiftPackageReference section */

/* Begin XCSwiftPackageProductDependency section */
		2377D88227110F0F00FE935E /* SDWebImage */ = {
			isa = XCSwiftPackageProductDependency;
			package = 2377D88127110F0F00FE935E /* XCRemoteSwiftPackageReference "SDWebImage" */;
			productName = SDWebImage;
		};
/* End XCSwiftPackageProductDependency section */
	};
	rootObject = 23021A9A27103A8E00C223BE /* Project object */;
}
